
Microsoft Visual Studio Solution File, Format Version 12.00
# Visual Studio Version 17
VisualStudioVersion = 17.11.34909.67
MinimumVisualStudioVersion = 10.0.40219.1
Project("{FAE04EC0-301F-11D3-BF4B-00C04F79EFBC}") = "Input Studios Wave", "Input Studios Wave\Input Studios Wave.csproj", "{8ECD473B-E926-4869-A410-A1D96D8554C5}"
EndProject
Global
	GlobalSection(SolutionConfigurationPlatforms) = preSolution
		Debug|Any CPU = Debug|Any CPU
		Debug|x64 = Debug|x64
		Release|Any CPU = Release|Any CPU
		Release|x64 = Release|x64
	EndGlobalSection
	GlobalSection(ProjectConfigurationPlatforms) = postSolution
		{8ECD473B-E926-4869-A410-A1D96D8554C5}.Debug|Any CPU.ActiveCfg = Debug|Any CPU
		{8ECD473B-E926-4869-A410-A1D96D8554C5}.Debug|Any CPU.Build.0 = Debug|Any CPU
		{8ECD473B-E926-4869-A410-A1D96D8554C5}.Debug|x64.ActiveCfg = Debug|x64
		{8ECD473B-E926-4869-A410-A1D96D8554C5}.Debug|x64.Build.0 = Debug|x64
		{8ECD473B-E926-4869-A410-A1D96D8554C5}.Release|Any CPU.ActiveCfg = Release|Any CPU
		{8ECD473B-E926-4869-A410-A1D96D8554C5}.Release|Any CPU.Build.0 = Release|Any CPU
		{8ECD473B-E926-4869-A410-A1D96D8554C5}.Release|x64.ActiveCfg = Release|x64
		{8ECD473B-E926-4869-A410-A1D96D8554C5}.Release|x64.Build.0 = Release|x64
	EndGlobalSection
	GlobalSection(SolutionProperties) = preSolution
		HideSolutionNode = FALSE
	EndGlobalSection
	GlobalSection(ExtensibilityGlobals) = postSolution
		SolutionGuid = {8DB2CE02-635C-4EB6-8961-23C8DF6CF22A}
	EndGlobalSection
EndGlobal
